
Microsoft Visual Studio Solution File, Format Version 12.00
# Visual Studio Version 16
VisualStudioVersion = 16.0.29709.97
MinimumVisualStudioVersion = 10.0.40219.1
Project("{FAE04EC0-301F-11D3-BF4B-00C04F79EFBC}") = "Insect Tracker", "Insect Tracker\Insect Tracker.csproj", "{D50C1D04-B040-49F6-9EBD-DEABB9DB12E7}"
EndProject
Global
	GlobalSection(SolutionConfigurationPlatforms) = preSolution
		Debug|Any CPU = Debug|Any CPU
		Release|Any CPU = Release|Any CPU
	EndGlobalSection
	GlobalSection(ProjectConfigurationPlatforms) = postSolution
		{D50C1D04-B040-49F6-9EBD-DEABB9DB12E7}.Debug|Any CPU.ActiveCfg = Debug|Any CPU
		{D50C1D04-B040-49F6-9EBD-DEABB9DB12E7}.Debug|Any CPU.Build.0 = Debug|Any CPU
		{D50C1D04-B040-49F6-9EBD-DEABB9DB12E7}.Release|Any CPU.ActiveCfg = Release|Any CPU
		{D50C1D04-B040-49F6-9EBD-DEABB9DB12E7}.Release|Any CPU.Build.0 = Release|Any CPU
	EndGlobalSection
	GlobalSection(SolutionProperties) = preSolution
		HideSolutionNode = FALSE
	EndGlobalSection
	GlobalSection(ExtensibilityGlobals) = postSolution
		SolutionGuid = {66E3C577-42CD-44FF-9C09-03D22514F40F}
	EndGlobalSection
EndGlobal
